// !$*UTF8*$!
{
	archiveVersion = 1;
	classes = {
	};
	objectVersion = 46;
	objects = {

/* Begin PBXBuildFile section */
		7F2025F51A46EF2E006EAD96 /* AppDelegate.swift in Sources */ = {isa = PBXBuildFile; fileRef = 7F2025F41A46EF2E006EAD96 /* AppDelegate.swift */; };
		7F2025F71A46EF2E006EAD96 /* ViewController.swift in Sources */ = {isa = PBXBuildFile; fileRef = 7F2025F61A46EF2E006EAD96 /* ViewController.swift */; };
		7F2025FA1A46EF2E006EAD96 /* Main.storyboard in Resources */ = {isa = PBXBuildFile; fileRef = 7F2025F81A46EF2E006EAD96 /* Main.storyboard */; };
		7F2025FC1A46EF2E006EAD96 /* Images.xcassets in Resources */ = {isa = PBXBuildFile; fileRef = 7F2025FB1A46EF2E006EAD96 /* Images.xcassets */; };
		7F2025FF1A46EF2E006EAD96 /* LaunchScreen.xib in Resources */ = {isa = PBXBuildFile; fileRef = 7F2025FD1A46EF2E006EAD96 /* LaunchScreen.xib */; };
		7F20260B1A46EF2F006EAD96 /* PostcardTests.swift in Sources */ = {isa = PBXBuildFile; fileRef = 7F20260A1A46EF2F006EAD96 /* PostcardTests.swift */; };
		7F2026151A46F17A006EAD96 /* AlbertEinsteinStamp.jpg in Resources */ = {isa = PBXBuildFile; fileRef = 7F2026141A46F17A006EAD96 /* AlbertEinsteinStamp.jpg */; };
		7F2026171A46F183006EAD96 /* SagradaFamilia.jpeg in Resources */ = {isa = PBXBuildFile; fileRef = 7F2026161A46F183006EAD96 /* SagradaFamilia.jpeg */; };
/* End PBXBuildFile section */

/* Begin PBXContainerItemProxy section */
		7F2026051A46EF2F006EAD96 /* PBXContainerItemProxy */ = {
			isa = PBXContainerItemProxy;
			containerPortal = 7F2025E71A46EF2D006EAD96 /* Project object */;
			proxyType = 1;
			remoteGlobalIDString = 7F2025EE1A46EF2E006EAD96;
			remoteInfo = Postcard;
		};
/* End PBXContainerItemProxy section */

/* Begin PBXFileReference section */
		7F2025EF1A46EF2E006EAD96 /* Postcard.app */ = {isa = PBXFileReference; explicitFileType = wrapper.application; includeInIndex = 0; path = Postcard.app; sourceTree = BUILT_PRODUCTS_DIR; };
		7F2025F31A46EF2E006EAD96 /* Info.plist */ = {isa = PBXFileReference; lastKnownFileType = text.plist.xml; path = Info.plist; sourceTree = "<group>"; };
		7F2025F41A46EF2E006EAD96 /* AppDelegate.swift */ = {isa = PBXFileReference; lastKnownFileType = sourcecode.swift; path = AppDelegate.swift; sourceTree = "<group>"; };
		7F2025F61A46EF2E006EAD96 /* ViewController.swift */ = {isa = PBXFileReference; lastKnownFileType = sourcecode.swift; path = ViewController.swift; sourceTree = "<group>"; };
		7F2025F91A46EF2E006EAD96 /* Base */ = {isa = PBXFileReference; lastKnownFileType = file.storyboard; name = Base; path = Base.lproj/Main.storyboard; sourceTree = "<group>"; };
		7F2025FB1A46EF2E006EAD96 /* Images.xcassets */ = {isa = PBXFileReference; lastKnownFileType = folder.assetcatalog; path = Images.xcassets; sourceTree = "<group>"; };
		7F2025FE1A46EF2E006EAD96 /* Base */ = {isa = PBXFileReference; lastKnownFileType = file.xib; name = Base; path = Base.lproj/LaunchScreen.xib; sourceTree = "<group>"; };
		7F2026041A46EF2F006EAD96 /* PostcardTests.xctest */ = {isa = PBXFileReference; explicitFileType = wrapper.cfbundle; includeInIndex = 0; path = PostcardTests.xctest; sourceTree = BUILT_PRODUCTS_DIR; };
		7F2026091A46EF2F006EAD96 /* Info.plist */ = {isa = PBXFileReference; lastKnownFileType = text.plist.xml; path = Info.plist; sourceTree = "<group>"; };
		7F20260A1A46EF2F006EAD96 /* PostcardTests.swift */ = {isa = PBXFileReference; lastKnownFileType = sourcecode.swift; path = PostcardTests.swift; sourceTree = "<group>"; };
		7F2026141A46F17A006EAD96 /* AlbertEinsteinStamp.jpg */ = {isa = PBXFileReference; lastKnownFileType = image.jpeg; path = AlbertEinsteinStamp.jpg; sourceTree = "<group>"; };
		7F2026161A46F183006EAD96 /* SagradaFamilia.jpeg */ = {isa = PBXFileReference; lastKnownFileType = image.jpeg; path = SagradaFamilia.jpeg; sourceTree = "<group>"; };
/* End PBXFileReference section */

/* Begin PBXFrameworksBuildPhase section */
		7F2025EC1A46EF2E006EAD96 /* Frameworks */ = {
			isa = PBXFrameworksBuildPhase;
			buildActionMask = 2147483647;
			files = (
			);
			runOnlyForDeploymentPostprocessing = 0;
		};
		7F2026011A46EF2F006EAD96 /* Frameworks */ = {
			isa = PBXFrameworksBuildPhase;
			buildActionMask = 2147483647;
			files = (
			);
			runOnlyForDeploymentPostprocessing = 0;
		};
/* End PBXFrameworksBuildPhase section */

/* Begin PBXGroup section */
		7F2025E61A46EF2D006EAD96 = {
			isa = PBXGroup;
			children = (
				7F2025F11A46EF2E006EAD96 /* Postcard */,
				7F2026071A46EF2F006EAD96 /* PostcardTests */,
				7F2025F01A46EF2E006EAD96 /* Products */,
			);
			sourceTree = "<group>";
		};
		7F2025F01A46EF2E006EAD96 /* Products */ = {
			isa = PBXGroup;
			children = (
				7F2025EF1A46EF2E006EAD96 /* Postcard.app */,
				7F2026041A46EF2F006EAD96 /* PostcardTests.xctest */,
			);
			name = Products;
			sourceTree = "<group>";
		};
		7F2025F11A46EF2E006EAD96 /* Postcard */ = {
			isa = PBXGroup;
			children = (
				7F2025F41A46EF2E006EAD96 /* AppDelegate.swift */,
				7F2025F61A46EF2E006EAD96 /* ViewController.swift */,
				7F2025F81A46EF2E006EAD96 /* Main.storyboard */,
				7F2025FB1A46EF2E006EAD96 /* Images.xcassets */,
				7F2025FD1A46EF2E006EAD96 /* LaunchScreen.xib */,
				7F2025F21A46EF2E006EAD96 /* Supporting Files */,
			);
			path = Postcard;
			sourceTree = "<group>";
		};
		7F2025F21A46EF2E006EAD96 /* Supporting Files */ = {
			isa = PBXGroup;
			children = (
				7F2026161A46F183006EAD96 /* SagradaFamilia.jpeg */,
				7F2026141A46F17A006EAD96 /* AlbertEinsteinStamp.jpg */,
				7F2025F31A46EF2E006EAD96 /* Info.plist */,
			);
			name = "Supporting Files";
			sourceTree = "<group>";
		};
		7F2026071A46EF2F006EAD96 /* PostcardTests */ = {
			isa = PBXGroup;
			children = (
				7F20260A1A46EF2F006EAD96 /* PostcardTests.swift */,
				7F2026081A46EF2F006EAD96 /* Supporting Files */,
			);
			path = PostcardTests;
			sourceTree = "<group>";
		};
		7F2026081A46EF2F006EAD96 /* Supporting Files */ = {
			isa = PBXGroup;
			children = (
				7F2026091A46EF2F006EAD96 /* Info.plist */,
			);
			name = "Supporting Files";
			sourceTree = "<group>";
		};
/* End PBXGroup section */

/* Begin PBXNativeTarget section */
		7F2025EE1A46EF2E006EAD96 /* Postcard */ = {
			isa = PBXNativeTarget;
			buildConfigurationList = 7F20260E1A46EF2F006EAD96 /* Build configuration list for PBXNativeTarget "Postcard" */;
			buildPhases = (
				7F2025EB1A46EF2E006EAD96 /* Sources */,
				7F2025EC1A46EF2E006EAD96 /* Frameworks */,
				7F2025ED1A46EF2E006EAD96 /* Resources */,
			);
			buildRules = (
			);
			dependencies = (
			);
			name = Postcard;
			productName = Postcard;
			productReference = 7F2025EF1A46EF2E006EAD96 /* Postcard.app */;
			productType = "com.apple.product-type.application";
		};
		7F2026031A46EF2F006EAD96 /* PostcardTests */ = {
			isa = PBXNativeTarget;
			buildConfigurationList = 7F2026111A46EF2F006EAD96 /* Build configuration list for PBXNativeTarget "PostcardTests" */;
			buildPhases = (
				7F2026001A46EF2F006EAD96 /* Sources */,
				7F2026011A46EF2F006EAD96 /* Frameworks */,
				7F2026021A46EF2F006EAD96 /* Resources */,
			);
			buildRules = (
			);
			dependencies = (
				7F2026061A46EF2F006EAD96 /* PBXTargetDependency */,
			);
			name = PostcardTests;
			productName = PostcardTests;
			productReference = 7F2026041A46EF2F006EAD96 /* PostcardTests.xctest */;
			productType = "com.apple.product-type.bundle.unit-test";
		};
/* End PBXNativeTarget section */

/* Begin PBXProject section */
		7F2025E71A46EF2D006EAD96 /* Project object */ = {
			isa = PBXProject;
			attributes = {
				LastUpgradeCheck = 0610;
				ORGANIZATIONNAME = "Jonathan Poltak Samosir";
				TargetAttributes = {
					7F2025EE1A46EF2E006EAD96 = {
						CreatedOnToolsVersion = 6.1;
					};
					7F2026031A46EF2F006EAD96 = {
						CreatedOnToolsVersion = 6.1;
						TestTargetID = 7F2025EE1A46EF2E006EAD96;
					};
				};
			};
			buildConfigurationList = 7F2025EA1A46EF2D006EAD96 /* Build configuration list for PBXProject "Postcard" */;
			compatibilityVersion = "Xcode 3.2";
			developmentRegion = English;
			hasScannedForEncodings = 0;
			knownRegions = (
				en,
				Base,
			);
			mainGroup = 7F2025E61A46EF2D006EAD96;
			productRefGroup = 7F2025F01A46EF2E006EAD96 /* Products */;
			projectDirPath = "";
			projectRoot = "";
			targets = (
				7F2025EE1A46EF2E006EAD96 /* Postcard */,
				7F2026031A46EF2F006EAD96 /* PostcardTests */,
			);
		};
/* End PBXProject section */

/* Begin PBXResourcesBuildPhase section */
		7F2025ED1A46EF2E006EAD96 /* Resources */ = {
			isa = PBXResourcesBuildPhase;
			buildActionMask = 2147483647;
			files = (
				7F2026151A46F17A006EAD96 /* AlbertEinsteinStamp.jpg in Resources */,
				7F2025FA1A46EF2E006EAD96 /* Main.storyboard in Resources */,
				7F2025FF1A46EF2E006EAD96 /* LaunchScreen.xib in Resources */,
				7F2025FC1A46EF2E006EAD96 /* Images.xcassets in Resources */,
				7F2026171A46F183006EAD96 /* SagradaFamilia.jpeg in Resources */,
			);
			runOnlyForDeploymentPostprocessing = 0;
		};
		7F2026021A46EF2F006EAD96 /* Resources */ = {
			isa = PBXResourcesBuildPhase;
			buildActionMask = 2147483647;
			files = (
			);
			runOnlyForDeploymentPostprocessing = 0;
		};
/* End PBXResourcesBuildPhase section */

/* Begin PBXSourcesBuildPhase section */
		7F2025EB1A46EF2E006EAD96 /* Sources */ = {
			isa = PBXSourcesBuildPhase;
			buildActionMask = 2147483647;
			files = (
				7F2025F71A46EF2E006EAD96 /* ViewController.swift in Sources */,
				7F2025F51A46EF2E006EAD96 /* AppDelegate.swift in Sources */,
			);
			runOnlyForDeploymentPostprocessing = 0;
		};
		7F2026001A46EF2F006EAD96 /* Sources */ = {
			isa = PBXSourcesBuildPhase;
			buildActionMask = 2147483647;
			files = (
				7F20260B1A46EF2F006EAD96 /* PostcardTests.swift in Sources */,
			);
			runOnlyForDeploymentPostprocessing = 0;
		};
/* End PBXSourcesBuildPhase section */

/* Begin PBXTargetDependency section */
		7F2026061A46EF2F006EAD96 /* PBXTargetDependency */ = {
			isa = PBXTargetDependency;
			target = 7F2025EE1A46EF2E006EAD96 /* Postcard */;
			targetProxy = 7F2026051A46EF2F006EAD96 /* PBXContainerItemProxy */;
		};
/* End PBXTargetDependency section */

/* Begin PBXVariantGroup section */
		7F2025F81A46EF2E006EAD96 /* Main.storyboard */ = {
			isa = PBXVariantGroup;
			children = (
				7F2025F91A46EF2E006EAD96 /* Base */,
			);
			name = Main.storyboard;
			sourceTree = "<group>";
		};
		7F2025FD1A46EF2E006EAD96 /* LaunchScreen.xib */ = {
			isa = PBXVariantGroup;
			children = (
				7F2025FE1A46EF2E006EAD96 /* Base */,
			);
			name = LaunchScreen.xib;
			sourceTree = "<group>";
		};
/* End PBXVariantGroup section */

/* Begin XCBuildConfiguration section */
		7F20260C1A46EF2F006EAD96 /* Debug */ = {
			isa = XCBuildConfiguration;
			buildSettings = {
				ALWAYS_SEARCH_USER_PATHS = NO;
				CLANG_CXX_LANGUAGE_STANDARD = "gnu++0x";
				CLANG_CXX_LIBRARY = "libc++";
				CLANG_ENABLE_MODULES = YES;
				CLANG_ENABLE_OBJC_ARC = YES;
				CLANG_WARN_BOOL_CONVERSION = YES;
				CLANG_WARN_CONSTANT_CONVERSION = YES;
				CLANG_WARN_DIRECT_OBJC_ISA_USAGE = YES_ERROR;
				CLANG_WARN_EMPTY_BODY = YES;
				CLANG_WARN_ENUM_CONVERSION = YES;
				CLANG_WARN_INT_CONVERSION = YES;
				CLANG_WARN_OBJC_ROOT_CLASS = YES_ERROR;
				CLANG_WARN_UNREACHABLE_CODE = YES;
				CLANG_WARN__DUPLICATE_METHOD_MATCH = YES;
				"CODE_SIGN_IDENTITY[sdk=iphoneos*]" = "iPhone Developer";
				COPY_PHASE_STRIP = NO;
				ENABLE_STRICT_OBJC_MSGSEND = YES;
				GCC_C_LANGUAGE_STANDARD = gnu99;
				GCC_DYNAMIC_NO_PIC = NO;
				GCC_OPTIMIZATION_LEVEL = 0;
				GCC_PREPROCESSOR_DEFINITIONS = (
					"DEBUG=1",
					"$(inherited)",
				);
				GCC_SYMBOLS_PRIVATE_EXTERN = NO;
				GCC_WARN_64_TO_32_BIT_CONVERSION = YES;
				GCC_WARN_ABOUT_RETURN_TYPE = YES_ERROR;
				GCC_WARN_UNDECLARED_SELECTOR = YES;
				GCC_WARN_UNINITIALIZED_AUTOS = YES_AGGRESSIVE;
				GCC_WARN_UNUSED_FUNCTION = YES;
				GCC_WARN_UNUSED_VARIABLE = YES;
				IPHONEOS_DEPLOYMENT_TARGET = 8.1;
				MTL_ENABLE_DEBUG_INFO = YES;
				ONLY_ACTIVE_ARCH = YES;
				SDKROOT = iphoneos;
				SWIFT_OPTIMIZATION_LEVEL = "-Onone";
				TARGETED_DEVICE_FAMILY = "1,2";
			};
			name = Debug;
		};
		7F20260D1A46EF2F006EAD96 /* Release */ = {
			isa = XCBuildConfiguration;
			buildSettings = {
				ALWAYS_SEARCH_USER_PATHS = NO;
				CLANG_CXX_LANGUAGE_STANDARD = "gnu++0x";
				CLANG_CXX_LIBRARY = "libc++";
				CLANG_ENABLE_MODULES = YES;
				CLANG_ENABLE_OBJC_ARC = YES;
				CLANG_WARN_BOOL_CONVERSION = YES;
				CLANG_WARN_CONSTANT_CONVERSION = YES;
				CLANG_WARN_DIRECT_OBJC_ISA_USAGE = YES_ERROR;
				CLANG_WARN_EMPTY_BODY = YES;
				CLANG_WARN_ENUM_CONVERSION = YES;
				CLANG_WARN_INT_CONVERSION = YES;
				CLANG_WARN_OBJC_ROOT_CLASS = YES_ERROR;
				CLANG_WARN_UNREACHABLE_CODE = YES;
				CLANG_WARN__DUPLICATE_METHOD_MATCH = YES;
				"CODE_SIGN_IDENTITY[sdk=iphoneos*]" = "iPhone Developer";
				COPY_PHASE_STRIP = YES;
				ENABLE_NS_ASSERTIONS = NO;
				ENABLE_STRICT_OBJC_MSGSEND = YES;
				GCC_C_LANGUAGE_STANDARD = gnu99;
				GCC_WARN_64_TO_32_BIT_CONVERSION = YES;
				GCC_WARN_ABOUT_RETURN_TYPE = YES_ERROR;
				GCC_WARN_UNDECLARED_SELECTOR = YES;
				GCC_WARN_UNINITIALIZED_AUTOS = YES_AGGRESSIVE;
				GCC_WARN_UNUSED_FUNCTION = YES;
				GCC_WARN_UNUSED_VARIABLE = YES;
				IPHONEOS_DEPLOYMENT_TARGET = 8.1;
				MTL_ENABLE_DEBUG_INFO = NO;
				SDKROOT = iphoneos;
				TARGETED_DEVICE_FAMILY = "1,2";
				VALIDATE_PRODUCT = YES;
			};
			name = Release;
		};
		7F20260F1A46EF2F006EAD96 /* Debug */ = {
			isa = XCBuildConfiguration;
			buildSettings = {
				ASSETCATALOG_COMPILER_APPICON_NAME = AppIcon;
				INFOPLIST_FILE = Postcard/Info.plist;
				LD_RUNPATH_SEARCH_PATHS = "$(inherited) @executable_path/Frameworks";
				PRODUCT_NAME = "$(TARGET_NAME)";
			};
			name = Debug;
		};
		7F2026101A46EF2F006EAD96 /* Release */ = {
			isa = XCBuildConfiguration;
			buildSettings = {
				ASSETCATALOG_COMPILER_APPICON_NAME = AppIcon;
				INFOPLIST_FILE = Postcard/Info.plist;
				LD_RUNPATH_SEARCH_PATHS = "$(inherited) @executable_path/Frameworks";
				PRODUCT_NAME = "$(TARGET_NAME)";
			};
			name = Release;
		};
		7F2026121A46EF2F006EAD96 /* Debug */ = {
			isa = XCBuildConfiguration;
			buildSettings = {
				BUNDLE_LOADER = "$(TEST_HOST)";
				FRAMEWORK_SEARCH_PATHS = (
					"$(SDKROOT)/Developer/Library/Frameworks",
					"$(inherited)",
				);
				GCC_PREPROCESSOR_DEFINITIONS = (
					"DEBUG=1",
					"$(inherited)",
				);
				INFOPLIST_FILE = PostcardTests/Info.plist;
				LD_RUNPATH_SEARCH_PATHS = "$(inherited) @executable_path/Frameworks @loader_path/Frameworks";
				PRODUCT_NAME = "$(TARGET_NAME)";
				TEST_HOST = "$(BUILT_PRODUCTS_DIR)/Postcard.app/Postcard";
			};
			name = Debug;
		};
		7F2026131A46EF2F006EAD96 /* Release */ = {
			isa = XCBuildConfiguration;
			buildSettings = {
				BUNDLE_LOADER = "$(TEST_HOST)";
				FRAMEWORK_SEARCH_PATHS = (
					"$(SDKROOT)/Developer/Library/Frameworks",
					"$(inherited)",
				);
				INFOPLIST_FILE = PostcardTests/Info.plist;
				LD_RUNPATH_SEARCH_PATHS = "$(inherited) @executable_path/Frameworks @loader_path/Frameworks";
				PRODUCT_NAME = "$(TARGET_NAME)";
				TEST_HOST = "$(BUILT_PRODUCTS_DIR)/Postcard.app/Postcard";
			};
			name = Release;
		};
/* End XCBuildConfiguration section */

/* Begin XCConfigurationList section */
		7F2025EA1A46EF2D006EAD96 /* Build configuration list for PBXProject "Postcard" */ = {
			isa = XCConfigurationList;
			buildConfigurations = (
				7F20260C1A46EF2F006EAD96 /* Debug */,
				7F20260D1A46EF2F006EAD96 /* Release */,
			);
			defaultConfigurationIsVisible = 0;
			defaultConfigurationName = Release;
		};
		7F20260E1A46EF2F006EAD96 /* Build configuration list for PBXNativeTarget "Postcard" */ = {
			isa = XCConfigurationList;
			buildConfigurations = (
				7F20260F1A46EF2F006EAD96 /* Debug */,
				7F2026101A46EF2F006EAD96 /* Release */,
			);
			defaultConfigurationIsVisible = 0;
		};
		7F2026111A46EF2F006EAD96 /* Build configuration list for PBXNativeTarget "PostcardTests" */ = {
			isa = XCConfigurationList;
			buildConfigurations = (
				7F2026121A46EF2F006EAD96 /* Debug */,
				7F2026131A46EF2F006EAD96 /* Release */,
			);
			defaultConfigurationIsVisible = 0;
		};
/* End XCConfigurationList section */
	};
	rootObject = 7F2025E71A46EF2D006EAD96 /* Project object */;
}
